
Microsoft Visual Studio Solution File, Format Version 12.00
# Visual Studio Version 17
VisualStudioVersion = 17.8.34330.188
MinimumVisualStudioVersion = 10.0.40219.1
Project("{FAE04EC0-301F-11D3-BF4B-00C04F79EFBC}") = "HeroesVSMonsters", "HeroesVSMonsters\HeroesVSMonsters.csproj", "{EB9BFC4C-615D-4A36-87E9-3B1189680597}"
EndProject
Global
	GlobalSection(SolutionConfigurationPlatforms) = preSolution
		Debug|Any CPU = Debug|Any CPU
		Release|Any CPU = Release|Any CPU
	EndGlobalSection
	GlobalSection(ProjectConfigurationPlatforms) = postSolution
		{EB9BFC4C-615D-4A36-87E9-3B1189680597}.Debug|Any CPU.ActiveCfg = Debug|Any CPU
		{EB9BFC4C-615D-4A36-87E9-3B1189680597}.Debug|Any CPU.Build.0 = Debug|Any CPU
		{EB9BFC4C-615D-4A36-87E9-3B1189680597}.Release|Any CPU.ActiveCfg = Release|Any CPU
		{EB9BFC4C-615D-4A36-87E9-3B1189680597}.Release|Any CPU.Build.0 = Release|Any CPU
	EndGlobalSection
	GlobalSection(SolutionProperties) = preSolution
		HideSolutionNode = FALSE
	EndGlobalSection
	GlobalSection(ExtensibilityGlobals) = postSolution
		SolutionGuid = {479F0828-C4A1-4DC5-83FB-9CC2373D8484}
	EndGlobalSection
EndGlobal
